
Microsoft Visual Studio Solution File, Format Version 12.00
# Visual Studio Version 16
VisualStudioVersion = 16.0.31624.102
MinimumVisualStudioVersion = 10.0.40219.1
Project("{888888A0-9F3D-457C-B088-3A5042F75D52}") = "PhysicsFramework", "PhysicsFramework\PhysicsFramework.pyproj", "{1C68C9D6-738B-4583-AC77-F1BE901988DF}"
EndProject
Global
	GlobalSection(SolutionConfigurationPlatforms) = preSolution
		Debug|Any CPU = Debug|Any CPU
		Release|Any CPU = Release|Any CPU
	EndGlobalSection
	GlobalSection(ProjectConfigurationPlatforms) = postSolution
		{1C68C9D6-738B-4583-AC77-F1BE901988DF}.Debug|Any CPU.ActiveCfg = Debug|Any CPU
		{1C68C9D6-738B-4583-AC77-F1BE901988DF}.Release|Any CPU.ActiveCfg = Release|Any CPU
	EndGlobalSection
	GlobalSection(SolutionProperties) = preSolution
		HideSolutionNode = FALSE
	EndGlobalSection
	GlobalSection(ExtensibilityGlobals) = postSolution
		SolutionGuid = {C48C413F-23AE-4A34-B350-11FD6FD7E51F}
	EndGlobalSection
EndGlobal
